// !$*UTF8*$!
{
	archiveVersion = 1;
	classes = {
	};
	objectVersion = 50;
	objects = {

/* Begin PBXBuildFile section */
		C2E3B52A21589CB60071A347 /* Main.storyboard in Resources */ = {isa = PBXBuildFile; fileRef = C2E3B52821589CB60071A347 /* Main.storyboard */; };
		C2E3B52C21589CBB0071A347 /* Assets.xcassets in Resources */ = {isa = PBXBuildFile; fileRef = C2E3B52B21589CBB0071A347 /* Assets.xcassets */; };
		C2E3B52F21589CBB0071A347 /* LaunchScreen.storyboard in Resources */ = {isa = PBXBuildFile; fileRef = C2E3B52D21589CBB0071A347 /* LaunchScreen.storyboard */; };
		C2E3B53221589CBB0071A347 /* main.m in Sources */ = {isa = PBXBuildFile; fileRef = C2E3B53121589CBB0071A347 /* main.m */; };
		C2E3B53C21589CBB0071A347 /* RecordingsTests.m in Sources */ = {isa = PBXBuildFile; fileRef = C2E3B53B21589CBB0071A347 /* RecordingsTests.m */; };
		C2E3B54721589CBB0071A347 /* RecordingsUITests.m in Sources */ = {isa = PBXBuildFile; fileRef = C2E3B54621589CBB0071A347 /* RecordingsUITests.m */; };
		C2E3B5592158B5B40071A347 /* AppDelegate.m in Sources */ = {isa = PBXBuildFile; fileRef = C2E3B5572158B5B40071A347 /* AppDelegate.m */; };
		C2E3B55C2158B7910071A347 /* AAOFolderViewController.m in Sources */ = {isa = PBXBuildFile; fileRef = C2E3B55B2158B7910071A347 /* AAOFolderViewController.m */; };
		C2E3B55F2158B85E0071A347 /* AAOPlayViewController.m in Sources */ = {isa = PBXBuildFile; fileRef = C2E3B55E2158B85E0071A347 /* AAOPlayViewController.m */; };
		C2E3B5622158B8780071A347 /* AAORecordViewController.m in Sources */ = {isa = PBXBuildFile; fileRef = C2E3B5612158B8780071A347 /* AAORecordViewController.m */; };
		C2E3B5652158BB3A0071A347 /* AAORecording.m in Sources */ = {isa = PBXBuildFile; fileRef = C2E3B5642158BB3A0071A347 /* AAORecording.m */; };
		C2E3B5682158BC0A0071A347 /* AAOStore.m in Sources */ = {isa = PBXBuildFile; fileRef = C2E3B5672158BC0A0071A347 /* AAOStore.m */; };
		C2E3B56B2158C0670071A347 /* AAOFolder.m in Sources */ = {isa = PBXBuildFile; fileRef = C2E3B56A2158C0670071A347 /* AAOFolder.m */; };
		C2E3B56E2158CBDB0071A347 /* AAOItem.m in Sources */ = {isa = PBXBuildFile; fileRef = C2E3B56D2158CBDB0071A347 /* AAOItem.m */; };
		C2E3B571215900370071A347 /* AAORecorder.m in Sources */ = {isa = PBXBuildFile; fileRef = C2E3B570215900370071A347 /* AAORecorder.m */; };
		C2E3B5742159004C0071A347 /* AAOPlayer.m in Sources */ = {isa = PBXBuildFile; fileRef = C2E3B5732159004C0071A347 /* AAOPlayer.m */; };
		C2E3B577215900620071A347 /* AAOUtil.m in Sources */ = {isa = PBXBuildFile; fileRef = C2E3B576215900620071A347 /* AAOUtil.m */; };
/* End PBXBuildFile section */

/* Begin PBXContainerItemProxy section */
		C2E3B53821589CBB0071A347 /* PBXContainerItemProxy */ = {
			isa = PBXContainerItemProxy;
			containerPortal = C2E3B51421589CB60071A347 /* Project object */;
			proxyType = 1;
			remoteGlobalIDString = C2E3B51B21589CB60071A347;
			remoteInfo = Recordings;
		};
		C2E3B54321589CBB0071A347 /* PBXContainerItemProxy */ = {
			isa = PBXContainerItemProxy;
			containerPortal = C2E3B51421589CB60071A347 /* Project object */;
			proxyType = 1;
			remoteGlobalIDString = C2E3B51B21589CB60071A347;
			remoteInfo = Recordings;
		};
/* End PBXContainerItemProxy section */

/* Begin PBXFileReference section */
		C2E3B51C21589CB60071A347 /* Recordings.app */ = {isa = PBXFileReference; explicitFileType = wrapper.application; includeInIndex = 0; path = Recordings.app; sourceTree = BUILT_PRODUCTS_DIR; };
		C2E3B52921589CB60071A347 /* Base */ = {isa = PBXFileReference; lastKnownFileType = file.storyboard; name = Base; path = Base.lproj/Main.storyboard; sourceTree = "<group>"; };
		C2E3B52B21589CBB0071A347 /* Assets.xcassets */ = {isa = PBXFileReference; lastKnownFileType = folder.assetcatalog; path = Assets.xcassets; sourceTree = "<group>"; };
		C2E3B52E21589CBB0071A347 /* Base */ = {isa = PBXFileReference; lastKnownFileType = file.storyboard; name = Base; path = Base.lproj/LaunchScreen.storyboard; sourceTree = "<group>"; };
		C2E3B53021589CBB0071A347 /* Info.plist */ = {isa = PBXFileReference; lastKnownFileType = text.plist.xml; path = Info.plist; sourceTree = "<group>"; };
		C2E3B53121589CBB0071A347 /* main.m */ = {isa = PBXFileReference; lastKnownFileType = sourcecode.c.objc; path = main.m; sourceTree = "<group>"; };
		C2E3B53721589CBB0071A347 /* RecordingsTests.xctest */ = {isa = PBXFileReference; explicitFileType = wrapper.cfbundle; includeInIndex = 0; path = RecordingsTests.xctest; sourceTree = BUILT_PRODUCTS_DIR; };
		C2E3B53B21589CBB0071A347 /* RecordingsTests.m */ = {isa = PBXFileReference; lastKnownFileType = sourcecode.c.objc; path = RecordingsTests.m; sourceTree = "<group>"; };
		C2E3B53D21589CBB0071A347 /* Info.plist */ = {isa = PBXFileReference; lastKnownFileType = text.plist.xml; path = Info.plist; sourceTree = "<group>"; };
		C2E3B54221589CBB0071A347 /* RecordingsUITests.xctest */ = {isa = PBXFileReference; explicitFileType = wrapper.cfbundle; includeInIndex = 0; path = RecordingsUITests.xctest; sourceTree = BUILT_PRODUCTS_DIR; };
		C2E3B54621589CBB0071A347 /* RecordingsUITests.m */ = {isa = PBXFileReference; lastKnownFileType = sourcecode.c.objc; path = RecordingsUITests.m; sourceTree = "<group>"; };
		C2E3B54821589CBB0071A347 /* Info.plist */ = {isa = PBXFileReference; lastKnownFileType = text.plist.xml; path = Info.plist; sourceTree = "<group>"; };
		C2E3B5562158B5B40071A347 /* AppDelegate.h */ = {isa = PBXFileReference; fileEncoding = 4; lastKnownFileType = sourcecode.c.h; path = AppDelegate.h; sourceTree = "<group>"; };
		C2E3B5572158B5B40071A347 /* AppDelegate.m */ = {isa = PBXFileReference; fileEncoding = 4; lastKnownFileType = sourcecode.c.objc; path = AppDelegate.m; sourceTree = "<group>"; };
		C2E3B55A2158B7910071A347 /* AAOFolderViewController.h */ = {isa = PBXFileReference; lastKnownFileType = sourcecode.c.h; path = AAOFolderViewController.h; sourceTree = "<group>"; };
		C2E3B55B2158B7910071A347 /* AAOFolderViewController.m */ = {isa = PBXFileReference; lastKnownFileType = sourcecode.c.objc; path = AAOFolderViewController.m; sourceTree = "<group>"; };
		C2E3B55D2158B85E0071A347 /* AAOPlayViewController.h */ = {isa = PBXFileReference; lastKnownFileType = sourcecode.c.h; path = AAOPlayViewController.h; sourceTree = "<group>"; };
		C2E3B55E2158B85E0071A347 /* AAOPlayViewController.m */ = {isa = PBXFileReference; lastKnownFileType = sourcecode.c.objc; path = AAOPlayViewController.m; sourceTree = "<group>"; };
		C2E3B5602158B8780071A347 /* AAORecordViewController.h */ = {isa = PBXFileReference; lastKnownFileType = sourcecode.c.h; path = AAORecordViewController.h; sourceTree = "<group>"; };
		C2E3B5612158B8780071A347 /* AAORecordViewController.m */ = {isa = PBXFileReference; lastKnownFileType = sourcecode.c.objc; path = AAORecordViewController.m; sourceTree = "<group>"; };
		C2E3B5632158BB3A0071A347 /* AAORecording.h */ = {isa = PBXFileReference; lastKnownFileType = sourcecode.c.h; path = AAORecording.h; sourceTree = "<group>"; };
		C2E3B5642158BB3A0071A347 /* AAORecording.m */ = {isa = PBXFileReference; lastKnownFileType = sourcecode.c.objc; path = AAORecording.m; sourceTree = "<group>"; };
		C2E3B5662158BC0A0071A347 /* AAOStore.h */ = {isa = PBXFileReference; lastKnownFileType = sourcecode.c.h; path = AAOStore.h; sourceTree = "<group>"; };
		C2E3B5672158BC0A0071A347 /* AAOStore.m */ = {isa = PBXFileReference; lastKnownFileType = sourcecode.c.objc; path = AAOStore.m; sourceTree = "<group>"; };
		C2E3B5692158C0670071A347 /* AAOFolder.h */ = {isa = PBXFileReference; lastKnownFileType = sourcecode.c.h; path = AAOFolder.h; sourceTree = "<group>"; };
		C2E3B56A2158C0670071A347 /* AAOFolder.m */ = {isa = PBXFileReference; lastKnownFileType = sourcecode.c.objc; path = AAOFolder.m; sourceTree = "<group>"; };
		C2E3B56C2158CBDB0071A347 /* AAOItem.h */ = {isa = PBXFileReference; lastKnownFileType = sourcecode.c.h; path = AAOItem.h; sourceTree = "<group>"; };
		C2E3B56D2158CBDB0071A347 /* AAOItem.m */ = {isa = PBXFileReference; lastKnownFileType = sourcecode.c.objc; path = AAOItem.m; sourceTree = "<group>"; };
		C2E3B56F215900370071A347 /* AAORecorder.h */ = {isa = PBXFileReference; lastKnownFileType = sourcecode.c.h; path = AAORecorder.h; sourceTree = "<group>"; };
		C2E3B570215900370071A347 /* AAORecorder.m */ = {isa = PBXFileReference; lastKnownFileType = sourcecode.c.objc; path = AAORecorder.m; sourceTree = "<group>"; };
		C2E3B5722159004C0071A347 /* AAOPlayer.h */ = {isa = PBXFileReference; lastKnownFileType = sourcecode.c.h; path = AAOPlayer.h; sourceTree = "<group>"; };
		C2E3B5732159004C0071A347 /* AAOPlayer.m */ = {isa = PBXFileReference; lastKnownFileType = sourcecode.c.objc; path = AAOPlayer.m; sourceTree = "<group>"; };
		C2E3B575215900620071A347 /* AAOUtil.h */ = {isa = PBXFileReference; lastKnownFileType = sourcecode.c.h; path = AAOUtil.h; sourceTree = "<group>"; };
		C2E3B576215900620071A347 /* AAOUtil.m */ = {isa = PBXFileReference; lastKnownFileType = sourcecode.c.objc; path = AAOUtil.m; sourceTree = "<group>"; };
/* End PBXFileReference section */

/* Begin PBXFrameworksBuildPhase section */
		C2E3B51921589CB60071A347 /* Frameworks */ = {
			isa = PBXFrameworksBuildPhase;
			buildActionMask = 2147483647;
			files = (
			);
			runOnlyForDeploymentPostprocessing = 0;
		};
		C2E3B53421589CBB0071A347 /* Frameworks */ = {
			isa = PBXFrameworksBuildPhase;
			buildActionMask = 2147483647;
			files = (
			);
			runOnlyForDeploymentPostprocessing = 0;
		};
		C2E3B53F21589CBB0071A347 /* Frameworks */ = {
			isa = PBXFrameworksBuildPhase;
			buildActionMask = 2147483647;
			files = (
			);
			runOnlyForDeploymentPostprocessing = 0;
		};
/* End PBXFrameworksBuildPhase section */

/* Begin PBXGroup section */
		C2E3B51321589CB60071A347 = {
			isa = PBXGroup;
			children = (
				C2E3B51E21589CB60071A347 /* Recordings */,
				C2E3B53A21589CBB0071A347 /* RecordingsTests */,
				C2E3B54521589CBB0071A347 /* RecordingsUITests */,
				C2E3B51D21589CB60071A347 /* Products */,
			);
			sourceTree = "<group>";
		};
		C2E3B51D21589CB60071A347 /* Products */ = {
			isa = PBXGroup;
			children = (
				C2E3B51C21589CB60071A347 /* Recordings.app */,
				C2E3B53721589CBB0071A347 /* RecordingsTests.xctest */,
				C2E3B54221589CBB0071A347 /* RecordingsUITests.xctest */,
			);
			name = Products;
			sourceTree = "<group>";
		};
		C2E3B51E21589CB60071A347 /* Recordings */ = {
			isa = PBXGroup;
			children = (
				C2E3B5552158B5B40071A347 /* App+Views */,
				C2E3B5582158B5B40071A347 /* Helpers */,
				C2E3B5542158B5B40071A347 /* Model */,
				C2E3B52821589CB60071A347 /* Main.storyboard */,
				C2E3B52B21589CBB0071A347 /* Assets.xcassets */,
				C2E3B52D21589CBB0071A347 /* LaunchScreen.storyboard */,
				C2E3B53021589CBB0071A347 /* Info.plist */,
				C2E3B53121589CBB0071A347 /* main.m */,
			);
			path = Recordings;
			sourceTree = "<group>";
		};
		C2E3B53A21589CBB0071A347 /* RecordingsTests */ = {
			isa = PBXGroup;
			children = (
				C2E3B53B21589CBB0071A347 /* RecordingsTests.m */,
				C2E3B53D21589CBB0071A347 /* Info.plist */,
			);
			path = RecordingsTests;
			sourceTree = "<group>";
		};
		C2E3B54521589CBB0071A347 /* RecordingsUITests */ = {
			isa = PBXGroup;
			children = (
				C2E3B54621589CBB0071A347 /* RecordingsUITests.m */,
				C2E3B54821589CBB0071A347 /* Info.plist */,
			);
			path = RecordingsUITests;
			sourceTree = "<group>";
		};
		C2E3B5542158B5B40071A347 /* Model */ = {
			isa = PBXGroup;
			children = (
				C2E3B5632158BB3A0071A347 /* AAORecording.h */,
				C2E3B5642158BB3A0071A347 /* AAORecording.m */,
				C2E3B5662158BC0A0071A347 /* AAOStore.h */,
				C2E3B5672158BC0A0071A347 /* AAOStore.m */,
				C2E3B5692158C0670071A347 /* AAOFolder.h */,
				C2E3B56A2158C0670071A347 /* AAOFolder.m */,
				C2E3B56C2158CBDB0071A347 /* AAOItem.h */,
				C2E3B56D2158CBDB0071A347 /* AAOItem.m */,
			);
			path = Model;
			sourceTree = "<group>";
		};
		C2E3B5552158B5B40071A347 /* App+Views */ = {
			isa = PBXGroup;
			children = (
				C2E3B5562158B5B40071A347 /* AppDelegate.h */,
				C2E3B5572158B5B40071A347 /* AppDelegate.m */,
				C2E3B55A2158B7910071A347 /* AAOFolderViewController.h */,
				C2E3B55B2158B7910071A347 /* AAOFolderViewController.m */,
				C2E3B55D2158B85E0071A347 /* AAOPlayViewController.h */,
				C2E3B55E2158B85E0071A347 /* AAOPlayViewController.m */,
				C2E3B5602158B8780071A347 /* AAORecordViewController.h */,
				C2E3B5612158B8780071A347 /* AAORecordViewController.m */,
			);
			path = "App+Views";
			sourceTree = "<group>";
		};
		C2E3B5582158B5B40071A347 /* Helpers */ = {
			isa = PBXGroup;
			children = (
				C2E3B56F215900370071A347 /* AAORecorder.h */,
				C2E3B570215900370071A347 /* AAORecorder.m */,
				C2E3B5722159004C0071A347 /* AAOPlayer.h */,
				C2E3B5732159004C0071A347 /* AAOPlayer.m */,
				C2E3B575215900620071A347 /* AAOUtil.h */,
				C2E3B576215900620071A347 /* AAOUtil.m */,
			);
			path = Helpers;
			sourceTree = "<group>";
		};
/* End PBXGroup section */

/* Begin PBXNativeTarget section */
		C2E3B51B21589CB60071A347 /* Recordings */ = {
			isa = PBXNativeTarget;
			buildConfigurationList = C2E3B54B21589CBB0071A347 /* Build configuration list for PBXNativeTarget "Recordings" */;
			buildPhases = (
				C2E3B51821589CB60071A347 /* Sources */,
				C2E3B51921589CB60071A347 /* Frameworks */,
				C2E3B51A21589CB60071A347 /* Resources */,
			);
			buildRules = (
			);
			dependencies = (
			);
			name = Recordings;
			productName = Recordings;
			productReference = C2E3B51C21589CB60071A347 /* Recordings.app */;
			productType = "com.apple.product-type.application";
		};
		C2E3B53621589CBB0071A347 /* RecordingsTests */ = {
			isa = PBXNativeTarget;
			buildConfigurationList = C2E3B54E21589CBB0071A347 /* Build configuration list for PBXNativeTarget "RecordingsTests" */;
			buildPhases = (
				C2E3B53321589CBB0071A347 /* Sources */,
				C2E3B53421589CBB0071A347 /* Frameworks */,
				C2E3B53521589CBB0071A347 /* Resources */,
			);
			buildRules = (
			);
			dependencies = (
				C2E3B53921589CBB0071A347 /* PBXTargetDependency */,
			);
			name = RecordingsTests;
			productName = RecordingsTests;
			productReference = C2E3B53721589CBB0071A347 /* RecordingsTests.xctest */;
			productType = "com.apple.product-type.bundle.unit-test";
		};
		C2E3B54121589CBB0071A347 /* RecordingsUITests */ = {
			isa = PBXNativeTarget;
			buildConfigurationList = C2E3B55121589CBB0071A347 /* Build configuration list for PBXNativeTarget "RecordingsUITests" */;
			buildPhases = (
				C2E3B53E21589CBB0071A347 /* Sources */,
				C2E3B53F21589CBB0071A347 /* Frameworks */,
				C2E3B54021589CBB0071A347 /* Resources */,
			);
			buildRules = (
			);
			dependencies = (
				C2E3B54421589CBB0071A347 /* PBXTargetDependency */,
			);
			name = RecordingsUITests;
			productName = RecordingsUITests;
			productReference = C2E3B54221589CBB0071A347 /* RecordingsUITests.xctest */;
			productType = "com.apple.product-type.bundle.ui-testing";
		};
/* End PBXNativeTarget section */

/* Begin PBXProject section */
		C2E3B51421589CB60071A347 /* Project object */ = {
			isa = PBXProject;
			attributes = {
				LastUpgradeCheck = 0940;
				ORGANIZATIONNAME = fantasywind;
				TargetAttributes = {
					C2E3B51B21589CB60071A347 = {
						CreatedOnToolsVersion = 9.4.1;
					};
					C2E3B53621589CBB0071A347 = {
						CreatedOnToolsVersion = 9.4.1;
						TestTargetID = C2E3B51B21589CB60071A347;
					};
					C2E3B54121589CBB0071A347 = {
						CreatedOnToolsVersion = 9.4.1;
						TestTargetID = C2E3B51B21589CB60071A347;
					};
				};
			};
			buildConfigurationList = C2E3B51721589CB60071A347 /* Build configuration list for PBXProject "Recordings" */;
			compatibilityVersion = "Xcode 9.3";
			developmentRegion = en;
			hasScannedForEncodings = 0;
			knownRegions = (
				en,
				Base,
			);
			mainGroup = C2E3B51321589CB60071A347;
			productRefGroup = C2E3B51D21589CB60071A347 /* Products */;
			projectDirPath = "";
			projectRoot = "";
			targets = (
				C2E3B51B21589CB60071A347 /* Recordings */,
				C2E3B53621589CBB0071A347 /* RecordingsTests */,
				C2E3B54121589CBB0071A347 /* RecordingsUITests */,
			);
		};
/* End PBXProject section */

/* Begin PBXResourcesBuildPhase section */
		C2E3B51A21589CB60071A347 /* Resources */ = {
			isa = PBXResourcesBuildPhase;
			buildActionMask = 2147483647;
			files = (
				C2E3B52F21589CBB0071A347 /* LaunchScreen.storyboard in Resources */,
				C2E3B52C21589CBB0071A347 /* Assets.xcassets in Resources */,
				C2E3B52A21589CB60071A347 /* Main.storyboard in Resources */,
			);
			runOnlyForDeploymentPostprocessing = 0;
		};
		C2E3B53521589CBB0071A347 /* Resources */ = {
			isa = PBXResourcesBuildPhase;
			buildActionMask = 2147483647;
			files = (
			);
			runOnlyForDeploymentPostprocessing = 0;
		};
		C2E3B54021589CBB0071A347 /* Resources */ = {
			isa = PBXResourcesBuildPhase;
			buildActionMask = 2147483647;
			files = (
			);
			runOnlyForDeploymentPostprocessing = 0;
		};
/* End PBXResourcesBuildPhase section */

/* Begin PBXSourcesBuildPhase section */
		C2E3B51821589CB60071A347 /* Sources */ = {
			isa = PBXSourcesBuildPhase;
			buildActionMask = 2147483647;
			files = (
				C2E3B55F2158B85E0071A347 /* AAOPlayViewController.m in Sources */,
				C2E3B571215900370071A347 /* AAORecorder.m in Sources */,
				C2E3B5652158BB3A0071A347 /* AAORecording.m in Sources */,
				C2E3B5622158B8780071A347 /* AAORecordViewController.m in Sources */,
				C2E3B56B2158C0670071A347 /* AAOFolder.m in Sources */,
				C2E3B5592158B5B40071A347 /* AppDelegate.m in Sources */,
				C2E3B5682158BC0A0071A347 /* AAOStore.m in Sources */,
				C2E3B577215900620071A347 /* AAOUtil.m in Sources */,
				C2E3B55C2158B7910071A347 /* AAOFolderViewController.m in Sources */,
				C2E3B56E2158CBDB0071A347 /* AAOItem.m in Sources */,
				C2E3B53221589CBB0071A347 /* main.m in Sources */,
				C2E3B5742159004C0071A347 /* AAOPlayer.m in Sources */,
			);
			runOnlyForDeploymentPostprocessing = 0;
		};
		C2E3B53321589CBB0071A347 /* Sources */ = {
			isa = PBXSourcesBuildPhase;
			buildActionMask = 2147483647;
			files = (
				C2E3B53C21589CBB0071A347 /* RecordingsTests.m in Sources */,
			);
			runOnlyForDeploymentPostprocessing = 0;
		};
		C2E3B53E21589CBB0071A347 /* Sources */ = {
			isa = PBXSourcesBuildPhase;
			buildActionMask = 2147483647;
			files = (
				C2E3B54721589CBB0071A347 /* RecordingsUITests.m in Sources */,
			);
			runOnlyForDeploymentPostprocessing = 0;
		};
/* End PBXSourcesBuildPhase section */

/* Begin PBXTargetDependency section */
		C2E3B53921589CBB0071A347 /* PBXTargetDependency */ = {
			isa = PBXTargetDependency;
			target = C2E3B51B21589CB60071A347 /* Recordings */;
			targetProxy = C2E3B53821589CBB0071A347 /* PBXContainerItemProxy */;
		};
		C2E3B54421589CBB0071A347 /* PBXTargetDependency */ = {
			isa = PBXTargetDependency;
			target = C2E3B51B21589CB60071A347 /* Recordings */;
			targetProxy = C2E3B54321589CBB0071A347 /* PBXContainerItemProxy */;
		};
/* End PBXTargetDependency section */

/* Begin PBXVariantGroup section */
		C2E3B52821589CB60071A347 /* Main.storyboard */ = {
			isa = PBXVariantGroup;
			children = (
				C2E3B52921589CB60071A347 /* Base */,
			);
			name = Main.storyboard;
			sourceTree = "<group>";
		};
		C2E3B52D21589CBB0071A347 /* LaunchScreen.storyboard */ = {
			isa = PBXVariantGroup;
			children = (
				C2E3B52E21589CBB0071A347 /* Base */,
			);
			name = LaunchScreen.storyboard;
			sourceTree = "<group>";
		};
/* End PBXVariantGroup section */

/* Begin XCBuildConfiguration section */
		C2E3B54921589CBB0071A347 /* Debug */ = {
			isa = XCBuildConfiguration;
			buildSettings = {
				ALWAYS_SEARCH_USER_PATHS = NO;
				CLANG_ANALYZER_NONNULL = YES;
				CLANG_ANALYZER_NUMBER_OBJECT_CONVERSION = YES_AGGRESSIVE;
				CLANG_CXX_LANGUAGE_STANDARD = "gnu++14";
				CLANG_CXX_LIBRARY = "libc++";
				CLANG_ENABLE_MODULES = YES;
				CLANG_ENABLE_OBJC_ARC = YES;
				CLANG_ENABLE_OBJC_WEAK = YES;
				CLANG_WARN_BLOCK_CAPTURE_AUTORELEASING = YES;
				CLANG_WARN_BOOL_CONVERSION = YES;
				CLANG_WARN_COMMA = YES;
				CLANG_WARN_CONSTANT_CONVERSION = YES;
				CLANG_WARN_DEPRECATED_OBJC_IMPLEMENTATIONS = YES;
				CLANG_WARN_DIRECT_OBJC_ISA_USAGE = YES_ERROR;
				CLANG_WARN_DOCUMENTATION_COMMENTS = YES;
				CLANG_WARN_EMPTY_BODY = YES;
				CLANG_WARN_ENUM_CONVERSION = YES;
				CLANG_WARN_INFINITE_RECURSION = YES;
				CLANG_WARN_INT_CONVERSION = YES;
				CLANG_WARN_NON_LITERAL_NULL_CONVERSION = YES;
				CLANG_WARN_OBJC_IMPLICIT_RETAIN_SELF = YES;
				CLANG_WARN_OBJC_LITERAL_CONVERSION = YES;
				CLANG_WARN_OBJC_ROOT_CLASS = YES_ERROR;
				CLANG_WARN_RANGE_LOOP_ANALYSIS = YES;
				CLANG_WARN_STRICT_PROTOTYPES = YES;
				CLANG_WARN_SUSPICIOUS_MOVE = YES;
				CLANG_WARN_UNGUARDED_AVAILABILITY = YES_AGGRESSIVE;
				CLANG_WARN_UNREACHABLE_CODE = YES;
				CLANG_WARN__DUPLICATE_METHOD_MATCH = YES;
				CODE_SIGN_IDENTITY = "iPhone Developer";
				COPY_PHASE_STRIP = NO;
				DEBUG_INFORMATION_FORMAT = dwarf;
				ENABLE_STRICT_OBJC_MSGSEND = YES;
				ENABLE_TESTABILITY = YES;
				GCC_C_LANGUAGE_STANDARD = gnu11;
				GCC_DYNAMIC_NO_PIC = NO;
				GCC_NO_COMMON_BLOCKS = YES;
				GCC_OPTIMIZATION_LEVEL = 0;
				GCC_PREPROCESSOR_DEFINITIONS = (
					"DEBUG=1",
					"$(inherited)",
				);
				GCC_WARN_64_TO_32_BIT_CONVERSION = YES;
				GCC_WARN_ABOUT_RETURN_TYPE = YES_ERROR;
				GCC_WARN_UNDECLARED_SELECTOR = YES;
				GCC_WARN_UNINITIALIZED_AUTOS = YES_AGGRESSIVE;
				GCC_WARN_UNUSED_FUNCTION = YES;
				GCC_WARN_UNUSED_VARIABLE = YES;
				IPHONEOS_DEPLOYMENT_TARGET = 11.4;
				MTL_ENABLE_DEBUG_INFO = YES;
				ONLY_ACTIVE_ARCH = YES;
				SDKROOT = iphoneos;
			};
			name = Debug;
		};
		C2E3B54A21589CBB0071A347 /* Release */ = {
			isa = XCBuildConfiguration;
			buildSettings = {
				ALWAYS_SEARCH_USER_PATHS = NO;
				CLANG_ANALYZER_NONNULL = YES;
				CLANG_ANALYZER_NUMBER_OBJECT_CONVERSION = YES_AGGRESSIVE;
				CLANG_CXX_LANGUAGE_STANDARD = "gnu++14";
				CLANG_CXX_LIBRARY = "libc++";
				CLANG_ENABLE_MODULES = YES;
				CLANG_ENABLE_OBJC_ARC = YES;
				CLANG_ENABLE_OBJC_WEAK = YES;
				CLANG_WARN_BLOCK_CAPTURE_AUTORELEASING = YES;
				CLANG_WARN_BOOL_CONVERSION = YES;
				CLANG_WARN_COMMA = YES;
				CLANG_WARN_CONSTANT_CONVERSION = YES;
				CLANG_WARN_DEPRECATED_OBJC_IMPLEMENTATIONS = YES;
				CLANG_WARN_DIRECT_OBJC_ISA_USAGE = YES_ERROR;
				CLANG_WARN_DOCUMENTATION_COMMENTS = YES;
				CLANG_WARN_EMPTY_BODY = YES;
				CLANG_WARN_ENUM_CONVERSION = YES;
				CLANG_WARN_INFINITE_RECURSION = YES;
				CLANG_WARN_INT_CONVERSION = YES;
				CLANG_WARN_NON_LITERAL_NULL_CONVERSION = YES;
				CLANG_WARN_OBJC_IMPLICIT_RETAIN_SELF = YES;
				CLANG_WARN_OBJC_LITERAL_CONVERSION = YES;
				CLANG_WARN_OBJC_ROOT_CLASS = YES_ERROR;
				CLANG_WARN_RANGE_LOOP_ANALYSIS = YES;
				CLANG_WARN_STRICT_PROTOTYPES = YES;
				CLANG_WARN_SUSPICIOUS_MOVE = YES;
				CLANG_WARN_UNGUARDED_AVAILABILITY = YES_AGGRESSIVE;
				CLANG_WARN_UNREACHABLE_CODE = YES;
				CLANG_WARN__DUPLICATE_METHOD_MATCH = YES;
				CODE_SIGN_IDENTITY = "iPhone Developer";
				COPY_PHASE_STRIP = NO;
				DEBUG_INFORMATION_FORMAT = "dwarf-with-dsym";
				ENABLE_NS_ASSERTIONS = NO;
				ENABLE_STRICT_OBJC_MSGSEND = YES;
				GCC_C_LANGUAGE_STANDARD = gnu11;
				GCC_NO_COMMON_BLOCKS = YES;
				GCC_WARN_64_TO_32_BIT_CONVERSION = YES;
				GCC_WARN_ABOUT_RETURN_TYPE = YES_ERROR;
				GCC_WARN_UNDECLARED_SELECTOR = YES;
				GCC_WARN_UNINITIALIZED_AUTOS = YES_AGGRESSIVE;
				GCC_WARN_UNUSED_FUNCTION = YES;
				GCC_WARN_UNUSED_VARIABLE = YES;
				IPHONEOS_DEPLOYMENT_TARGET = 11.4;
				MTL_ENABLE_DEBUG_INFO = NO;
				SDKROOT = iphoneos;
				VALIDATE_PRODUCT = YES;
			};
			name = Release;
		};
		C2E3B54C21589CBB0071A347 /* Debug */ = {
			isa = XCBuildConfiguration;
			buildSettings = {
				ASSETCATALOG_COMPILER_APPICON_NAME = AppIcon;
				CODE_SIGN_STYLE = Automatic;
				DEVELOPMENT_TEAM = LKP82WSHEH;
				INFOPLIST_FILE = Recordings/Info.plist;
				LD_RUNPATH_SEARCH_PATHS = (
					"$(inherited)",
					"@executable_path/Frameworks",
				);
				PRODUCT_BUNDLE_IDENTIFIER = com.fantasywind.Recordings;
				PRODUCT_NAME = "$(TARGET_NAME)";
				TARGETED_DEVICE_FAMILY = "1,2";
			};
			name = Debug;
		};
		C2E3B54D21589CBB0071A347 /* Release */ = {
			isa = XCBuildConfiguration;
			buildSettings = {
				ASSETCATALOG_COMPILER_APPICON_NAME = AppIcon;
				CODE_SIGN_STYLE = Automatic;
				DEVELOPMENT_TEAM = LKP82WSHEH;
				INFOPLIST_FILE = Recordings/Info.plist;
				LD_RUNPATH_SEARCH_PATHS = (
					"$(inherited)",
					"@executable_path/Frameworks",
				);
				PRODUCT_BUNDLE_IDENTIFIER = com.fantasywind.Recordings;
				PRODUCT_NAME = "$(TARGET_NAME)";
				TARGETED_DEVICE_FAMILY = "1,2";
			};
			name = Release;
		};
		C2E3B54F21589CBB0071A347 /* Debug */ = {
			isa = XCBuildConfiguration;
			buildSettings = {
				BUNDLE_LOADER = "$(TEST_HOST)";
				CODE_SIGN_STYLE = Automatic;
				DEVELOPMENT_TEAM = LKP82WSHEH;
				INFOPLIST_FILE = RecordingsTests/Info.plist;
				LD_RUNPATH_SEARCH_PATHS = (
					"$(inherited)",
					"@executable_path/Frameworks",
					"@loader_path/Frameworks",
				);
				PRODUCT_BUNDLE_IDENTIFIER = com.fantasywind.RecordingsTests;
				PRODUCT_NAME = "$(TARGET_NAME)";
				TARGETED_DEVICE_FAMILY = "1,2";
				TEST_HOST = "$(BUILT_PRODUCTS_DIR)/Recordings.app/Recordings";
			};
			name = Debug;
		};
		C2E3B55021589CBB0071A347 /* Release */ = {
			isa = XCBuildConfiguration;
			buildSettings = {
				BUNDLE_LOADER = "$(TEST_HOST)";
				CODE_SIGN_STYLE = Automatic;
				DEVELOPMENT_TEAM = LKP82WSHEH;
				INFOPLIST_FILE = RecordingsTests/Info.plist;
				LD_RUNPATH_SEARCH_PATHS = (
					"$(inherited)",
					"@executable_path/Frameworks",
					"@loader_path/Frameworks",
				);
				PRODUCT_BUNDLE_IDENTIFIER = com.fantasywind.RecordingsTests;
				PRODUCT_NAME = "$(TARGET_NAME)";
				TARGETED_DEVICE_FAMILY = "1,2";
				TEST_HOST = "$(BUILT_PRODUCTS_DIR)/Recordings.app/Recordings";
			};
			name = Release;
		};
		C2E3B55221589CBB0071A347 /* Debug */ = {
			isa = XCBuildConfiguration;
			buildSettings = {
				CODE_SIGN_STYLE = Automatic;
				DEVELOPMENT_TEAM = LKP82WSHEH;
				INFOPLIST_FILE = RecordingsUITests/Info.plist;
				LD_RUNPATH_SEARCH_PATHS = (
					"$(inherited)",
					"@executable_path/Frameworks",
					"@loader_path/Frameworks",
				);
				PRODUCT_BUNDLE_IDENTIFIER = com.fantasywind.RecordingsUITests;
				PRODUCT_NAME = "$(TARGET_NAME)";
				TARGETED_DEVICE_FAMILY = "1,2";
				TEST_TARGET_NAME = Recordings;
			};
			name = Debug;
		};
		C2E3B55321589CBB0071A347 /* Release */ = {
			isa = XCBuildConfiguration;
			buildSettings = {
				CODE_SIGN_STYLE = Automatic;
				DEVELOPMENT_TEAM = LKP82WSHEH;
				INFOPLIST_FILE = RecordingsUITests/Info.plist;
				LD_RUNPATH_SEARCH_PATHS = (
					"$(inherited)",
					"@executable_path/Frameworks",
					"@loader_path/Frameworks",
				);
				PRODUCT_BUNDLE_IDENTIFIER = com.fantasywind.RecordingsUITests;
				PRODUCT_NAME = "$(TARGET_NAME)";
				TARGETED_DEVICE_FAMILY = "1,2";
				TEST_TARGET_NAME = Recordings;
			};
			name = Release;
		};
/* End XCBuildConfiguration section */

/* Begin XCConfigurationList section */
		C2E3B51721589CB60071A347 /* Build configuration list for PBXProject "Recordings" */ = {
			isa = XCConfigurationList;
			buildConfigurations = (
				C2E3B54921589CBB0071A347 /* Debug */,
				C2E3B54A21589CBB0071A347 /* Release */,
			);
			defaultConfigurationIsVisible = 0;
			defaultConfigurationName = Release;
		};
		C2E3B54B21589CBB0071A347 /* Build configuration list for PBXNativeTarget "Recordings" */ = {
			isa = XCConfigurationList;
			buildConfigurations = (
				C2E3B54C21589CBB0071A347 /* Debug */,
				C2E3B54D21589CBB0071A347 /* Release */,
			);
			defaultConfigurationIsVisible = 0;
			defaultConfigurationName = Release;
		};
		C2E3B54E21589CBB0071A347 /* Build configuration list for PBXNativeTarget "RecordingsTests" */ = {
			isa = XCConfigurationList;
			buildConfigurations = (
				C2E3B54F21589CBB0071A347 /* Debug */,
				C2E3B55021589CBB0071A347 /* Release */,
			);
			defaultConfigurationIsVisible = 0;
			defaultConfigurationName = Release;
		};
		C2E3B55121589CBB0071A347 /* Build configuration list for PBXNativeTarget "RecordingsUITests" */ = {
			isa = XCConfigurationList;
			buildConfigurations = (
				C2E3B55221589CBB0071A347 /* Debug */,
				C2E3B55321589CBB0071A347 /* Release */,
			);
			defaultConfigurationIsVisible = 0;
			defaultConfigurationName = Release;
		};
/* End XCConfigurationList section */
	};
	rootObject = C2E3B51421589CB60071A347 /* Project object */;
}
